// !$*UTF8*$!
{
	archiveVersion = 1;
	classes = {
	};
	objectVersion = 50;
	objects = {

/* Begin PBXBuildFile section */
		692B5EA32673A07300903E56 /* AppDelegate.swift in Sources */ = {isa = PBXBuildFile; fileRef = 692B5EA22673A07300903E56 /* AppDelegate.swift */; };
		692B5EA52673A07300903E56 /* SceneDelegate.swift in Sources */ = {isa = PBXBuildFile; fileRef = 692B5EA42673A07300903E56 /* SceneDelegate.swift */; };
		692B5EA72673A07300903E56 /* ViewController.swift in Sources */ = {isa = PBXBuildFile; fileRef = 692B5EA62673A07300903E56 /* ViewController.swift */; };
		692B5EAC2673A07500903E56 /* Assets.xcassets in Resources */ = {isa = PBXBuildFile; fileRef = 692B5EAB2673A07500903E56 /* Assets.xcassets */; };
		692B5EAF2673A07500903E56 /* LaunchScreen.storyboard in Resources */ = {isa = PBXBuildFile; fileRef = 692B5EAD2673A07500903E56 /* LaunchScreen.storyboard */; };
/* End PBXBuildFile section */

/* Begin PBXFileReference section */
		692B5E9F2673A07300903E56 /* Furniture_store.app */ = {isa = PBXFileReference; explicitFileType = wrapper.application; includeInIndex = 0; path = Furniture_store.app; sourceTree = BUILT_PRODUCTS_DIR; };
		692B5EA22673A07300903E56 /* AppDelegate.swift */ = {isa = PBXFileReference; lastKnownFileType = sourcecode.swift; path = AppDelegate.swift; sourceTree = "<group>"; };
		692B5EA42673A07300903E56 /* SceneDelegate.swift */ = {isa = PBXFileReference; lastKnownFileType = sourcecode.swift; path = SceneDelegate.swift; sourceTree = "<group>"; };
		692B5EA62673A07300903E56 /* ViewController.swift */ = {isa = PBXFileReference; lastKnownFileType = sourcecode.swift; path = ViewController.swift; sourceTree = "<group>"; };
		692B5EAB2673A07500903E56 /* Assets.xcassets */ = {isa = PBXFileReference; lastKnownFileType = folder.assetcatalog; path = Assets.xcassets; sourceTree = "<group>"; };
		692B5EAE2673A07500903E56 /* Base */ = {isa = PBXFileReference; lastKnownFileType = file.storyboard; name = Base; path = Base.lproj/LaunchScreen.storyboard; sourceTree = "<group>"; };
		692B5EB02673A07500903E56 /* Info.plist */ = {isa = PBXFileReference; lastKnownFileType = text.plist.xml; path = Info.plist; sourceTree = "<group>"; };
/* End PBXFileReference section */

/* Begin PBXFrameworksBuildPhase section */
		692B5E9C2673A07300903E56 /* Frameworks */ = {
			isa = PBXFrameworksBuildPhase;
			buildActionMask = 2147483647;
			files = (
			);
			runOnlyForDeploymentPostprocessing = 0;
		};
/* End PBXFrameworksBuildPhase section */

/* Begin PBXGroup section */
		692B5E962673A07300903E56 = {
			isa = PBXGroup;
			children = (
				692B5EA12673A07300903E56 /* Furniture_store */,
				692B5EA02673A07300903E56 /* Products */,
			);
			sourceTree = "<group>";
		};
		692B5EA02673A07300903E56 /* Products */ = {
			isa = PBXGroup;
			children = (
				692B5E9F2673A07300903E56 /* Furniture_store.app */,
			);
			name = Products;
			sourceTree = "<group>";
		};
		692B5EA12673A07300903E56 /* Furniture_store */ = {
			isa = PBXGroup;
			children = (
				692B5EBC2673A67300903E56 /* Model */,
				692B5EBD2673A67F00903E56 /* Overview */,
				692B5EB72673A5FC00903E56 /* App */,
			);
			path = Furniture_store;
			sourceTree = "<group>";
		};
		692B5EB72673A5FC00903E56 /* App */ = {
			isa = PBXGroup;
			children = (
				692B5EB82673A60300903E56 /* Application */,
				692B5EB92673A61100903E56 /* Resources */,
				692B5EBA2673A61C00903E56 /* Supporting Files */,
				692B5EBB2673A62500903E56 /* StoryBoards */,
			);
			path = App;
			sourceTree = "<group>";
		};
		692B5EB82673A60300903E56 /* Application */ = {
			isa = PBXGroup;
			children = (
				692B5EA22673A07300903E56 /* AppDelegate.swift */,
				692B5EA42673A07300903E56 /* SceneDelegate.swift */,
			);
			path = Application;
			sourceTree = "<group>";
		};
		692B5EB92673A61100903E56 /* Resources */ = {
			isa = PBXGroup;
			children = (
				692B5EAB2673A07500903E56 /* Assets.xcassets */,
			);
			path = Resources;
			sourceTree = "<group>";
		};
		692B5EBA2673A61C00903E56 /* Supporting Files */ = {
			isa = PBXGroup;
			children = (
				692B5EB02673A07500903E56 /* Info.plist */,
			);
			path = "Supporting Files";
			sourceTree = "<group>";
		};
		692B5EBB2673A62500903E56 /* StoryBoards */ = {
			isa = PBXGroup;
			children = (
				692B5EAD2673A07500903E56 /* LaunchScreen.storyboard */,
			);
			path = StoryBoards;
			sourceTree = "<group>";
		};
		692B5EBC2673A67300903E56 /* Model */ = {
			isa = PBXGroup;
			children = (
			);
			path = Model;
			sourceTree = "<group>";
		};
		692B5EBD2673A67F00903E56 /* Overview */ = {
			isa = PBXGroup;
			children = (
				692B5EA62673A07300903E56 /* ViewController.swift */,
			);
			path = Overview;
			sourceTree = "<group>";
		};
/* End PBXGroup section */

/* Begin PBXNativeTarget section */
		692B5E9E2673A07300903E56 /* Furniture_store */ = {
			isa = PBXNativeTarget;
			buildConfigurationList = 692B5EB32673A07500903E56 /* Build configuration list for PBXNativeTarget "Furniture_store" */;
			buildPhases = (
				692B5E9B2673A07300903E56 /* Sources */,
				692B5E9C2673A07300903E56 /* Frameworks */,
				692B5E9D2673A07300903E56 /* Resources */,
				692B5EB62673A0DE00903E56 /* ShellScript */,
			);
			buildRules = (
			);
			dependencies = (
			);
			name = Furniture_store;
			productName = Furniture_store;
			productReference = 692B5E9F2673A07300903E56 /* Furniture_store.app */;
			productType = "com.apple.product-type.application";
		};
/* End PBXNativeTarget section */

/* Begin PBXProject section */
		692B5E972673A07300903E56 /* Project object */ = {
			isa = PBXProject;
			attributes = {
				LastSwiftUpdateCheck = 1250;
				LastUpgradeCheck = 1250;
				TargetAttributes = {
					692B5E9E2673A07300903E56 = {
						CreatedOnToolsVersion = 12.5;
					};
				};
			};
			buildConfigurationList = 692B5E9A2673A07300903E56 /* Build configuration list for PBXProject "Furniture_store" */;
			compatibilityVersion = "Xcode 9.3";
			developmentRegion = en;
			hasScannedForEncodings = 0;
			knownRegions = (
				en,
				Base,
			);
			mainGroup = 692B5E962673A07300903E56;
			productRefGroup = 692B5EA02673A07300903E56 /* Products */;
			projectDirPath = "";
			projectRoot = "";
			targets = (
				692B5E9E2673A07300903E56 /* Furniture_store */,
			);
		};
/* End PBXProject section */

/* Begin PBXResourcesBuildPhase section */
		692B5E9D2673A07300903E56 /* Resources */ = {
			isa = PBXResourcesBuildPhase;
			buildActionMask = 2147483647;
			files = (
				692B5EAF2673A07500903E56 /* LaunchScreen.storyboard in Resources */,
				692B5EAC2673A07500903E56 /* Assets.xcassets in Resources */,
			);
			runOnlyForDeploymentPostprocessing = 0;
		};
/* End PBXResourcesBuildPhase section */

/* Begin PBXShellScriptBuildPhase section */
		692B5EB62673A0DE00903E56 /* ShellScript */ = {
			isa = PBXShellScriptBuildPhase;
			buildActionMask = 2147483647;
			files = (
			);
			inputFileListPaths = (
			);
			inputPaths = (
			);
			outputFileListPaths = (
			);
			outputPaths = (
			);
			runOnlyForDeploymentPostprocessing = 0;
			shellPath = /bin/sh;
			shellScript = "# Type a script or drag a script file from your workspace to insert its path.\nif which swiftformat >/dev/null; then\n  swiftformat .\nelse\n  echo \"warning: SwiftFormat not installed, download from https://github.com/nicklockwood/SwiftFormat\"\nfi\n";
		};
/* End PBXShellScriptBuildPhase section */

/* Begin PBXSourcesBuildPhase section */
		692B5E9B2673A07300903E56 /* Sources */ = {
			isa = PBXSourcesBuildPhase;
			buildActionMask = 2147483647;
			files = (
				692B5EA72673A07300903E56 /* ViewController.swift in Sources */,
				692B5EA32673A07300903E56 /* AppDelegate.swift in Sources */,
				692B5EA52673A07300903E56 /* SceneDelegate.swift in Sources */,
			);
			runOnlyForDeploymentPostprocessing = 0;
		};
/* End PBXSourcesBuildPhase section */

/* Begin PBXVariantGroup section */
		692B5EAD2673A07500903E56 /* LaunchScreen.storyboard */ = {
			isa = PBXVariantGroup;
			children = (
				692B5EAE2673A07500903E56 /* Base */,
			);
			name = LaunchScreen.storyboard;
			sourceTree = "<group>";
		};
/* End PBXVariantGroup section */

/* Begin XCBuildConfiguration section */
		692B5EB12673A07500903E56 /* Debug */ = {
			isa = XCBuildConfiguration;
			buildSettings = {
				ALWAYS_SEARCH_USER_PATHS = NO;
				CLANG_ANALYZER_NONNULL = YES;
				CLANG_ANALYZER_NUMBER_OBJECT_CONVERSION = YES_AGGRESSIVE;
				CLANG_CXX_LANGUAGE_STANDARD = "gnu++14";
				CLANG_CXX_LIBRARY = "libc++";
				CLANG_ENABLE_MODULES = YES;
				CLANG_ENABLE_OBJC_ARC = YES;
				CLANG_ENABLE_OBJC_WEAK = YES;
				CLANG_WARN_BLOCK_CAPTURE_AUTORELEASING = YES;
				CLANG_WARN_BOOL_CONVERSION = YES;
				CLANG_WARN_COMMA = YES;
				CLANG_WARN_CONSTANT_CONVERSION = YES;
				CLANG_WARN_DEPRECATED_OBJC_IMPLEMENTATIONS = YES;
				CLANG_WARN_DIRECT_OBJC_ISA_USAGE = YES_ERROR;
				CLANG_WARN_DOCUMENTATION_COMMENTS = YES;
				CLANG_WARN_EMPTY_BODY = YES;
				CLANG_WARN_ENUM_CONVERSION = YES;
				CLANG_WARN_INFINITE_RECURSION = YES;
				CLANG_WARN_INT_CONVERSION = YES;
				CLANG_WARN_NON_LITERAL_NULL_CONVERSION = YES;
				CLANG_WARN_OBJC_IMPLICIT_RETAIN_SELF = YES;
				CLANG_WARN_OBJC_LITERAL_CONVERSION = YES;
				CLANG_WARN_OBJC_ROOT_CLASS = YES_ERROR;
				CLANG_WARN_QUOTED_INCLUDE_IN_FRAMEWORK_HEADER = YES;
				CLANG_WARN_RANGE_LOOP_ANALYSIS = YES;
				CLANG_WARN_STRICT_PROTOTYPES = YES;
				CLANG_WARN_SUSPICIOUS_MOVE = YES;
				CLANG_WARN_UNGUARDED_AVAILABILITY = YES_AGGRESSIVE;
				CLANG_WARN_UNREACHABLE_CODE = YES;
				CLANG_WARN__DUPLICATE_METHOD_MATCH = YES;
				COPY_PHASE_STRIP = NO;
				DEBUG_INFORMATION_FORMAT = dwarf;
				ENABLE_STRICT_OBJC_MSGSEND = YES;
				ENABLE_TESTABILITY = YES;
				GCC_C_LANGUAGE_STANDARD = gnu11;
				GCC_DYNAMIC_NO_PIC = NO;
				GCC_NO_COMMON_BLOCKS = YES;
				GCC_OPTIMIZATION_LEVEL = 0;
				GCC_PREPROCESSOR_DEFINITIONS = (
					"DEBUG=1",
					"$(inherited)",
				);
				GCC_WARN_64_TO_32_BIT_CONVERSION = YES;
				GCC_WARN_ABOUT_RETURN_TYPE = YES_ERROR;
				GCC_WARN_UNDECLARED_SELECTOR = YES;
				GCC_WARN_UNINITIALIZED_AUTOS = YES_AGGRESSIVE;
				GCC_WARN_UNUSED_FUNCTION = YES;
				GCC_WARN_UNUSED_VARIABLE = YES;
				IPHONEOS_DEPLOYMENT_TARGET = 14.5;
				MTL_ENABLE_DEBUG_INFO = INCLUDE_SOURCE;
				MTL_FAST_MATH = YES;
				ONLY_ACTIVE_ARCH = YES;
				SDKROOT = iphoneos;
				SWIFT_ACTIVE_COMPILATION_CONDITIONS = DEBUG;
				SWIFT_OPTIMIZATION_LEVEL = "-Onone";
			};
			name = Debug;
		};
		692B5EB22673A07500903E56 /* Release */ = {
			isa = XCBuildConfiguration;
			buildSettings = {
				ALWAYS_SEARCH_USER_PATHS = NO;
				CLANG_ANALYZER_NONNULL = YES;
				CLANG_ANALYZER_NUMBER_OBJECT_CONVERSION = YES_AGGRESSIVE;
				CLANG_CXX_LANGUAGE_STANDARD = "gnu++14";
				CLANG_CXX_LIBRARY = "libc++";
				CLANG_ENABLE_MODULES = YES;
				CLANG_ENABLE_OBJC_ARC = YES;
				CLANG_ENABLE_OBJC_WEAK = YES;
				CLANG_WARN_BLOCK_CAPTURE_AUTORELEASING = YES;
				CLANG_WARN_BOOL_CONVERSION = YES;
				CLANG_WARN_COMMA = YES;
				CLANG_WARN_CONSTANT_CONVERSION = YES;
				CLANG_WARN_DEPRECATED_OBJC_IMPLEMENTATIONS = YES;
				CLANG_WARN_DIRECT_OBJC_ISA_USAGE = YES_ERROR;
				CLANG_WARN_DOCUMENTATION_COMMENTS = YES;
				CLANG_WARN_EMPTY_BODY = YES;
				CLANG_WARN_ENUM_CONVERSION = YES;
				CLANG_WARN_INFINITE_RECURSION = YES;
				CLANG_WARN_INT_CONVERSION = YES;
				CLANG_WARN_NON_LITERAL_NULL_CONVERSION = YES;
				CLANG_WARN_OBJC_IMPLICIT_RETAIN_SELF = YES;
				CLANG_WARN_OBJC_LITERAL_CONVERSION = YES;
				CLANG_WARN_OBJC_ROOT_CLASS = YES_ERROR;
				CLANG_WARN_QUOTED_INCLUDE_IN_FRAMEWORK_HEADER = YES;
				CLANG_WARN_RANGE_LOOP_ANALYSIS = YES;
				CLANG_WARN_STRICT_PROTOTYPES = YES;
				CLANG_WARN_SUSPICIOUS_MOVE = YES;
				CLANG_WARN_UNGUARDED_AVAILABILITY = YES_AGGRESSIVE;
				CLANG_WARN_UNREACHABLE_CODE = YES;
				CLANG_WARN__DUPLICATE_METHOD_MATCH = YES;
				COPY_PHASE_STRIP = NO;
				DEBUG_INFORMATION_FORMAT = "dwarf-with-dsym";
				ENABLE_NS_ASSERTIONS = NO;
				ENABLE_STRICT_OBJC_MSGSEND = YES;
				GCC_C_LANGUAGE_STANDARD = gnu11;
				GCC_NO_COMMON_BLOCKS = YES;
				GCC_WARN_64_TO_32_BIT_CONVERSION = YES;
				GCC_WARN_ABOUT_RETURN_TYPE = YES_ERROR;
				GCC_WARN_UNDECLARED_SELECTOR = YES;
				GCC_WARN_UNINITIALIZED_AUTOS = YES_AGGRESSIVE;
				GCC_WARN_UNUSED_FUNCTION = YES;
				GCC_WARN_UNUSED_VARIABLE = YES;
				IPHONEOS_DEPLOYMENT_TARGET = 14.5;
				MTL_ENABLE_DEBUG_INFO = NO;
				MTL_FAST_MATH = YES;
				SDKROOT = iphoneos;
				SWIFT_COMPILATION_MODE = wholemodule;
				SWIFT_OPTIMIZATION_LEVEL = "-O";
				VALIDATE_PRODUCT = YES;
			};
			name = Release;
		};
		692B5EB42673A07500903E56 /* Debug */ = {
			isa = XCBuildConfiguration;
			buildSettings = {
				ASSETCATALOG_COMPILER_APPICON_NAME = AppIcon;
				ASSETCATALOG_COMPILER_GLOBAL_ACCENT_COLOR_NAME = AccentColor;
				CODE_SIGN_STYLE = Automatic;
				DEVELOPMENT_TEAM = 5UGZJE492X;
				INFOPLIST_FILE = "Furniture_store/App/Supporting Files/Info.plist";
				LD_RUNPATH_SEARCH_PATHS = (
					"$(inherited)",
					"@executable_path/Frameworks",
				);
				PRODUCT_BUNDLE_IDENTIFIER = "com.oliviermiserez.Furniture-store";
				PRODUCT_NAME = "$(TARGET_NAME)";
				SWIFT_VERSION = 5.0;
				TARGETED_DEVICE_FAMILY = "1,2";
			};
			name = Debug;
		};
		692B5EB52673A07500903E56 /* Release */ = {
			isa = XCBuildConfiguration;
			buildSettings = {
				ASSETCATALOG_COMPILER_APPICON_NAME = AppIcon;
				ASSETCATALOG_COMPILER_GLOBAL_ACCENT_COLOR_NAME = AccentColor;
				CODE_SIGN_STYLE = Automatic;
				DEVELOPMENT_TEAM = 5UGZJE492X;
				INFOPLIST_FILE = "Furniture_store/App/Supporting Files/Info.plist";
				LD_RUNPATH_SEARCH_PATHS = (
					"$(inherited)",
					"@executable_path/Frameworks",
				);
				PRODUCT_BUNDLE_IDENTIFIER = "com.oliviermiserez.Furniture-store";
				PRODUCT_NAME = "$(TARGET_NAME)";
				SWIFT_VERSION = 5.0;
				TARGETED_DEVICE_FAMILY = "1,2";
			};
			name = Release;
		};
/* End XCBuildConfiguration section */

/* Begin XCConfigurationList section */
		692B5E9A2673A07300903E56 /* Build configuration list for PBXProject "Furniture_store" */ = {
			isa = XCConfigurationList;
			buildConfigurations = (
				692B5EB12673A07500903E56 /* Debug */,
				692B5EB22673A07500903E56 /* Release */,
			);
			defaultConfigurationIsVisible = 0;
			defaultConfigurationName = Release;
		};
		692B5EB32673A07500903E56 /* Build configuration list for PBXNativeTarget "Furniture_store" */ = {
			isa = XCConfigurationList;
			buildConfigurations = (
				692B5EB42673A07500903E56 /* Debug */,
				692B5EB52673A07500903E56 /* Release */,
			);
			defaultConfigurationIsVisible = 0;
			defaultConfigurationName = Release;
		};
/* End XCConfigurationList section */
	};
	rootObject = 692B5E972673A07300903E56 /* Project object */;
}
